PODS:
  - Flutter (1.0.0)
  - location (0.0.1):
    - Flutter
  - Mapbox-iOS-SDK (4.8.0)
  - mapbox_gl (0.0.1):
    - Flutter
    - Mapbox-iOS-SDK (~> 4.8.0)
  - shared_preferences (0.0.1):
    - Flutter

DEPENDENCIES:
  - Flutter (from `.symlinks/flutter/ios`)
  - location (from `.symlinks/plugins/location/ios`)
  - mapbox_gl (from `.symlinks/plugins/mapbox_gl/ios`)
  - shared_preferences (from `.symlinks/plugins/shared_preferences/ios`)

SPEC REPOS:
  https://github.com/cocoapods/specs.git:
    - Mapbox-iOS-SDK

EXTERNAL SOURCES:
  Flutter:
    :path: ".symlinks/flutter/ios"
  location:
    :path: ".symlinks/plugins/location/ios"
  mapbox_gl:
    :path: ".symlinks/plugins/mapbox_gl/ios"
  shared_preferences:
    :path: ".symlinks/plugins/shared_preferences/ios"

SPEC CHECKSUMS:
  Flutter: 0e3d915762c693b495b44d77113d4970485de6ec
  location: 3a2eed4dd2fab25e7b7baf2a9efefe82b512d740
  Mapbox-iOS-SDK: 864bc732a20c183d87f04923295e988b504453d9
  mapbox_gl: 7ee46d71d63f1a9934cff32bf5bce2f30507bda9
  shared_preferences: 1feebfa37bb57264736e16865e7ffae7fc99b523

PODFILE CHECKSUM: 2ef0a40072d836b2e62fb7fcb125a5e514afe953

COCOAPODS: 1.6.1
